
Microsoft Visual Studio Solution File, Format Version 12.00
# Visual Studio 2013
VisualStudioVersion = 12.0.21005.1
MinimumVisualStudioVersion = 10.0.40219.1
Project("{FAE04EC0-301F-11D3-BF4B-00C04F79EFBC}") = "SportSocial", "SportSocial\SportSocial.csproj", "{3C482648-1147-4872-B793-1BE78E983126}"
EndProject
Project("{FAE04EC0-301F-11D3-BF4B-00C04F79EFBC}") = "BLL", "BLL\BLL.csproj", "{3B2F6C52-6AAD-464A-A954-60C6A1F22220}"
EndProject
Project("{FAE04EC0-301F-11D3-BF4B-00C04F79EFBC}") = "DAL", "DAL\DAL.csproj", "{9A42FA4B-8BD7-44B9-B4FC-5F9DB0E96404}"
EndProject
Project("{2150E333-8FDC-42A3-9474-1A3956D46DE8}") = ".nuget", ".nuget", "{1D3CDA05-D8E4-41A5-A938-635368550D15}"
	ProjectSection(SolutionItems) = preProject
		.nuget\NuGet.Config = .nuget\NuGet.Config
		.nuget\NuGet.exe = .nuget\NuGet.exe
		.nuget\NuGet.targets = .nuget\NuGet.targets
	EndProjectSection
EndProject
Project("{FAE04EC0-301F-11D3-BF4B-00C04F79EFBC}") = "Social", "Social\Social.csproj", "{EEDDCAFD-9CAA-4780-BBA6-DC90421016AD}"
EndProject
Global
	GlobalSection(SolutionConfigurationPlatforms) = preSolution
		Debug|Any CPU = Debug|Any CPU
		Publish - Beta|Any CPU = Publish - Beta|Any CPU
		Publish - Production|Any CPU = Publish - Production|Any CPU
		Publish - Test|Any CPU = Publish - Test|Any CPU
		Release|Any CPU = Release|Any CPU
	EndGlobalSection
	GlobalSection(ProjectConfigurationPlatforms) = postSolution
		{3C482648-1147-4872-B793-1BE78E983126}.Debug|Any CPU.ActiveCfg = Debug|Any CPU
		{3C482648-1147-4872-B793-1BE78E983126}.Debug|Any CPU.Build.0 = Debug|Any CPU
		{3C482648-1147-4872-B793-1BE78E983126}.Publish - Beta|Any CPU.ActiveCfg = Release|Any CPU
		{3C482648-1147-4872-B793-1BE78E983126}.Publish - Beta|Any CPU.Build.0 = Release|Any CPU
		{3C482648-1147-4872-B793-1BE78E983126}.Publish - Production|Any CPU.ActiveCfg = Release|Any CPU
		{3C482648-1147-4872-B793-1BE78E983126}.Publish - Production|Any CPU.Build.0 = Release|Any CPU
		{3C482648-1147-4872-B793-1BE78E983126}.Publish - Test|Any CPU.ActiveCfg = Release|Any CPU
		{3C482648-1147-4872-B793-1BE78E983126}.Publish - Test|Any CPU.Build.0 = Release|Any CPU
		{3C482648-1147-4872-B793-1BE78E983126}.Release|Any CPU.ActiveCfg = Release|Any CPU
		{3C482648-1147-4872-B793-1BE78E983126}.Release|Any CPU.Build.0 = Release|Any CPU
		{3B2F6C52-6AAD-464A-A954-60C6A1F22220}.Debug|Any CPU.ActiveCfg = Debug|Any CPU
		{3B2F6C52-6AAD-464A-A954-60C6A1F22220}.Debug|Any CPU.Build.0 = Debug|Any CPU
		{3B2F6C52-6AAD-464A-A954-60C6A1F22220}.Publish - Beta|Any CPU.ActiveCfg = Release|Any CPU
		{3B2F6C52-6AAD-464A-A954-60C6A1F22220}.Publish - Beta|Any CPU.Build.0 = Release|Any CPU
		{3B2F6C52-6AAD-464A-A954-60C6A1F22220}.Publish - Production|Any CPU.ActiveCfg = Release|Any CPU
		{3B2F6C52-6AAD-464A-A954-60C6A1F22220}.Publish - Production|Any CPU.Build.0 = Release|Any CPU
		{3B2F6C52-6AAD-464A-A954-60C6A1F22220}.Publish - Test|Any CPU.ActiveCfg = Release|Any CPU
		{3B2F6C52-6AAD-464A-A954-60C6A1F22220}.Publish - Test|Any CPU.Build.0 = Release|Any CPU
		{3B2F6C52-6AAD-464A-A954-60C6A1F22220}.Release|Any CPU.ActiveCfg = Release|Any CPU
		{3B2F6C52-6AAD-464A-A954-60C6A1F22220}.Release|Any CPU.Build.0 = Release|Any CPU
		{9A42FA4B-8BD7-44B9-B4FC-5F9DB0E96404}.Debug|Any CPU.ActiveCfg = Debug|Any CPU
		{9A42FA4B-8BD7-44B9-B4FC-5F9DB0E96404}.Debug|Any CPU.Build.0 = Debug|Any CPU
		{9A42FA4B-8BD7-44B9-B4FC-5F9DB0E96404}.Publish - Beta|Any CPU.ActiveCfg = Release|Any CPU
		{9A42FA4B-8BD7-44B9-B4FC-5F9DB0E96404}.Publish - Beta|Any CPU.Build.0 = Release|Any CPU
		{9A42FA4B-8BD7-44B9-B4FC-5F9DB0E96404}.Publish - Production|Any CPU.ActiveCfg = Release|Any CPU
		{9A42FA4B-8BD7-44B9-B4FC-5F9DB0E96404}.Publish - Production|Any CPU.Build.0 = Release|Any CPU
		{9A42FA4B-8BD7-44B9-B4FC-5F9DB0E96404}.Publish - Test|Any CPU.ActiveCfg = Release|Any CPU
		{9A42FA4B-8BD7-44B9-B4FC-5F9DB0E96404}.Publish - Test|Any CPU.Build.0 = Release|Any CPU
		{9A42FA4B-8BD7-44B9-B4FC-5F9DB0E96404}.Release|Any CPU.ActiveCfg = Release|Any CPU
		{9A42FA4B-8BD7-44B9-B4FC-5F9DB0E96404}.Release|Any CPU.Build.0 = Release|Any CPU
		{EEDDCAFD-9CAA-4780-BBA6-DC90421016AD}.Debug|Any CPU.ActiveCfg = Debug|Any CPU
		{EEDDCAFD-9CAA-4780-BBA6-DC90421016AD}.Debug|Any CPU.Build.0 = Debug|Any CPU
		{EEDDCAFD-9CAA-4780-BBA6-DC90421016AD}.Publish - Beta|Any CPU.ActiveCfg = Release|Any CPU
		{EEDDCAFD-9CAA-4780-BBA6-DC90421016AD}.Publish - Beta|Any CPU.Build.0 = Release|Any CPU
		{EEDDCAFD-9CAA-4780-BBA6-DC90421016AD}.Publish - Production|Any CPU.ActiveCfg = Release|Any CPU
		{EEDDCAFD-9CAA-4780-BBA6-DC90421016AD}.Publish - Production|Any CPU.Build.0 = Release|Any CPU
		{EEDDCAFD-9CAA-4780-BBA6-DC90421016AD}.Publish - Test|Any CPU.ActiveCfg = Release|Any CPU
		{EEDDCAFD-9CAA-4780-BBA6-DC90421016AD}.Publish - Test|Any CPU.Build.0 = Release|Any CPU
		{EEDDCAFD-9CAA-4780-BBA6-DC90421016AD}.Release|Any CPU.ActiveCfg = Release|Any CPU
		{EEDDCAFD-9CAA-4780-BBA6-DC90421016AD}.Release|Any CPU.Build.0 = Release|Any CPU
	EndGlobalSection
	GlobalSection(SolutionProperties) = preSolution
		HideSolutionNode = FALSE
	EndGlobalSection
EndGlobal
